# This file is automatically @generated by Cargo.
# It is not intended for manual editing.
version = 4

[[package]]
name = "reprod-test"
version = "0.1.0"
dependencies = [
 "test-implementation",
 "test-trait",
]

[[package]]
name = "test-implementation"
version = "0.1.0"
dependencies = [
 "test-trait",
]

[[package]]
name = "test-trait"
version = "0.1.0"
